
Microsoft Visual Studio Solution File, Format Version 12.00
# Visual Studio Version 17
VisualStudioVersion = 17.8.34322.80
MinimumVisualStudioVersion = 10.0.40219.1
Project("{9A19103F-16F7-4668-BE54-9A1E7A4F7556}") = "RhythmGalaxyWasm", "RhythmGalaxyWasm.csproj", "{30EA0606-C03A-4B9C-8B06-BD751084F143}"
EndProject
Project("{9A19103F-16F7-4668-BE54-9A1E7A4F7556}") = "RhythmGalaxy", "RhythmGalaxy.csproj", "{B8341936-DEE6-42F2-AD8C-38225E6F2443}"
EndProject
Global
	GlobalSection(SolutionConfigurationPlatforms) = preSolution
		Debug|Any CPU = Debug|Any CPU
		Release|Any CPU = Release|Any CPU
	EndGlobalSection
	GlobalSection(ProjectConfigurationPlatforms) = postSolution
		{30EA0606-C03A-4B9C-8B06-BD751084F143}.Debug|Any CPU.ActiveCfg = Debug|Any CPU
		{30EA0606-C03A-4B9C-8B06-BD751084F143}.Debug|Any CPU.Build.0 = Debug|Any CPU
		{30EA0606-C03A-4B9C-8B06-BD751084F143}.Release|Any CPU.ActiveCfg = Release|Any CPU
		{30EA0606-C03A-4B9C-8B06-BD751084F143}.Release|Any CPU.Build.0 = Release|Any CPU
		{B8341936-DEE6-42F2-AD8C-38225E6F2443}.Debug|Any CPU.ActiveCfg = Debug|Any CPU
		{B8341936-DEE6-42F2-AD8C-38225E6F2443}.Debug|Any CPU.Build.0 = Debug|Any CPU
		{B8341936-DEE6-42F2-AD8C-38225E6F2443}.Release|Any CPU.ActiveCfg = Release|Any CPU
		{B8341936-DEE6-42F2-AD8C-38225E6F2443}.Release|Any CPU.Build.0 = Release|Any CPU
	EndGlobalSection
	GlobalSection(SolutionProperties) = preSolution
		HideSolutionNode = FALSE
	EndGlobalSection
	GlobalSection(ExtensibilityGlobals) = postSolution
		SolutionGuid = {49B9584B-E3E8-4D4A-8516-960D4A4F31A6}
	EndGlobalSection
EndGlobal
